// !$*UTF8*$!
{
	archiveVersion = 1;
	classes = {
	};
	objectVersion = 50;
	objects = {

/* Begin PBXBuildFile section */
		9C58DC372200A8300027032F /* AppDelegate.swift in Sources */ = {isa = PBXBuildFile; fileRef = 9C58DC362200A8300027032F /* AppDelegate.swift */; };
		9C58DC392200A8300027032F /* ViewController.swift in Sources */ = {isa = PBXBuildFile; fileRef = 9C58DC382200A8300027032F /* ViewController.swift */; };
		9C58DC3C2200A8300027032F /* Main.storyboard in Resources */ = {isa = PBXBuildFile; fileRef = 9C58DC3A2200A8300027032F /* Main.storyboard */; };
		9C58DC3E2200A8320027032F /* Assets.xcassets in Resources */ = {isa = PBXBuildFile; fileRef = 9C58DC3D2200A8320027032F /* Assets.xcassets */; };
		9C58DC412200A8320027032F /* LaunchScreen.storyboard in Resources */ = {isa = PBXBuildFile; fileRef = 9C58DC3F2200A8320027032F /* LaunchScreen.storyboard */; };
		9C58DC492200A8B30027032F /* CollectionViewCell.swift in Sources */ = {isa = PBXBuildFile; fileRef = 9C58DC482200A8B30027032F /* CollectionViewCell.swift */; };
		9C58DC4B220276AE0027032F /* Event.swift in Sources */ = {isa = PBXBuildFile; fileRef = 9C58DC4A220276AE0027032F /* Event.swift */; };
		9C58DC5522029F810027032F /* HeaderView.swift in Sources */ = {isa = PBXBuildFile; fileRef = 9C58DC5422029F810027032F /* HeaderView.swift */; };
		9CA3800B220CBB51007F9703 /* EventEditorViewController.swift in Sources */ = {isa = PBXBuildFile; fileRef = 9CA3800A220CBB50007F9703 /* EventEditorViewController.swift */; };
		9CA3800F220CC090007F9703 /* EventEditorDelegate.swift in Sources */ = {isa = PBXBuildFile; fileRef = 9CA3800E220CC090007F9703 /* EventEditorDelegate.swift */; };
/* End PBXBuildFile section */

/* Begin PBXFileReference section */
		9C58DC332200A8300027032F /* SimpleCollectionView.app */ = {isa = PBXFileReference; explicitFileType = wrapper.application; includeInIndex = 0; path = SimpleCollectionView.app; sourceTree = BUILT_PRODUCTS_DIR; };
		9C58DC362200A8300027032F /* AppDelegate.swift */ = {isa = PBXFileReference; lastKnownFileType = sourcecode.swift; path = AppDelegate.swift; sourceTree = "<group>"; };
		9C58DC382200A8300027032F /* ViewController.swift */ = {isa = PBXFileReference; lastKnownFileType = sourcecode.swift; path = ViewController.swift; sourceTree = "<group>"; };
		9C58DC3B2200A8300027032F /* Base */ = {isa = PBXFileReference; lastKnownFileType = file.storyboard; name = Base; path = Base.lproj/Main.storyboard; sourceTree = "<group>"; };
		9C58DC3D2200A8320027032F /* Assets.xcassets */ = {isa = PBXFileReference; lastKnownFileType = folder.assetcatalog; path = Assets.xcassets; sourceTree = "<group>"; };
		9C58DC402200A8320027032F /* Base */ = {isa = PBXFileReference; lastKnownFileType = file.storyboard; name = Base; path = Base.lproj/LaunchScreen.storyboard; sourceTree = "<group>"; };
		9C58DC422200A8320027032F /* Info.plist */ = {isa = PBXFileReference; lastKnownFileType = text.plist.xml; path = Info.plist; sourceTree = "<group>"; };
		9C58DC482200A8B30027032F /* CollectionViewCell.swift */ = {isa = PBXFileReference; lastKnownFileType = sourcecode.swift; path = CollectionViewCell.swift; sourceTree = "<group>"; };
		9C58DC4A220276AE0027032F /* Event.swift */ = {isa = PBXFileReference; lastKnownFileType = sourcecode.swift; path = Event.swift; sourceTree = "<group>"; };
		9C58DC5422029F810027032F /* HeaderView.swift */ = {isa = PBXFileReference; lastKnownFileType = sourcecode.swift; path = HeaderView.swift; sourceTree = "<group>"; };
		9CA3800A220CBB50007F9703 /* EventEditorViewController.swift */ = {isa = PBXFileReference; lastKnownFileType = sourcecode.swift; path = EventEditorViewController.swift; sourceTree = "<group>"; };
		9CA3800E220CC090007F9703 /* EventEditorDelegate.swift */ = {isa = PBXFileReference; lastKnownFileType = sourcecode.swift; path = EventEditorDelegate.swift; sourceTree = "<group>"; };
/* End PBXFileReference section */

/* Begin PBXFrameworksBuildPhase section */
		9C58DC302200A8300027032F /* Frameworks */ = {
			isa = PBXFrameworksBuildPhase;
			buildActionMask = 2147483647;
			files = (
			);
			runOnlyForDeploymentPostprocessing = 0;
		};
/* End PBXFrameworksBuildPhase section */

/* Begin PBXGroup section */
		9C58DC2A2200A8300027032F = {
			isa = PBXGroup;
			children = (
				9C58DC352200A8300027032F /* SimpleCollectionView */,
				9C58DC342200A8300027032F /* Products */,
			);
			sourceTree = "<group>";
		};
		9C58DC342200A8300027032F /* Products */ = {
			isa = PBXGroup;
			children = (
				9C58DC332200A8300027032F /* SimpleCollectionView.app */,
			);
			name = Products;
			sourceTree = "<group>";
		};
		9C58DC352200A8300027032F /* SimpleCollectionView */ = {
			isa = PBXGroup;
			children = (
				9C58DC5422029F810027032F /* HeaderView.swift */,
				9C58DC362200A8300027032F /* AppDelegate.swift */,
				9C58DC382200A8300027032F /* ViewController.swift */,
				9C58DC4A220276AE0027032F /* Event.swift */,
				9C58DC3A2200A8300027032F /* Main.storyboard */,
				9C58DC482200A8B30027032F /* CollectionViewCell.swift */,
				9C58DC3D2200A8320027032F /* Assets.xcassets */,
				9C58DC3F2200A8320027032F /* LaunchScreen.storyboard */,
				9C58DC422200A8320027032F /* Info.plist */,
				9CA3800A220CBB50007F9703 /* EventEditorViewController.swift */,
				9CA3800E220CC090007F9703 /* EventEditorDelegate.swift */,
			);
			path = SimpleCollectionView;
			sourceTree = "<group>";
		};
/* End PBXGroup section */

/* Begin PBXNativeTarget section */
		9C58DC322200A8300027032F /* SimpleCollectionView */ = {
			isa = PBXNativeTarget;
			buildConfigurationList = 9C58DC452200A8320027032F /* Build configuration list for PBXNativeTarget "SimpleCollectionView" */;
			buildPhases = (
				9C58DC2F2200A8300027032F /* Sources */,
				9C58DC302200A8300027032F /* Frameworks */,
				9C58DC312200A8300027032F /* Resources */,
			);
			buildRules = (
			);
			dependencies = (
			);
			name = SimpleCollectionView;
			productName = SimpleCollectionView;
			productReference = 9C58DC332200A8300027032F /* SimpleCollectionView.app */;
			productType = "com.apple.product-type.application";
		};
/* End PBXNativeTarget section */

/* Begin PBXProject section */
		9C58DC2B2200A8300027032F /* Project object */ = {
			isa = PBXProject;
			attributes = {
				LastSwiftUpdateCheck = 1010;
				LastUpgradeCheck = 1010;
				ORGANIZATIONNAME = "Leo Vergnetti";
				TargetAttributes = {
					9C58DC322200A8300027032F = {
						CreatedOnToolsVersion = 10.1;
					};
				};
			};
			buildConfigurationList = 9C58DC2E2200A8300027032F /* Build configuration list for PBXProject "SimpleCollectionView" */;
			compatibilityVersion = "Xcode 9.3";
			developmentRegion = en;
			hasScannedForEncodings = 0;
			knownRegions = (
				en,
				Base,
			);
			mainGroup = 9C58DC2A2200A8300027032F;
			productRefGroup = 9C58DC342200A8300027032F /* Products */;
			projectDirPath = "";
			projectRoot = "";
			targets = (
				9C58DC322200A8300027032F /* SimpleCollectionView */,
			);
		};
/* End PBXProject section */

/* Begin PBXResourcesBuildPhase section */
		9C58DC312200A8300027032F /* Resources */ = {
			isa = PBXResourcesBuildPhase;
			buildActionMask = 2147483647;
			files = (
				9C58DC412200A8320027032F /* LaunchScreen.storyboard in Resources */,
				9C58DC3E2200A8320027032F /* Assets.xcassets in Resources */,
				9C58DC3C2200A8300027032F /* Main.storyboard in Resources */,
			);
			runOnlyForDeploymentPostprocessing = 0;
		};
/* End PBXResourcesBuildPhase section */

/* Begin PBXSourcesBuildPhase section */
		9C58DC2F2200A8300027032F /* Sources */ = {
			isa = PBXSourcesBuildPhase;
			buildActionMask = 2147483647;
			files = (
				9CA3800B220CBB51007F9703 /* EventEditorViewController.swift in Sources */,
				9C58DC4B220276AE0027032F /* Event.swift in Sources */,
				9C58DC5522029F810027032F /* HeaderView.swift in Sources */,
				9C58DC392200A8300027032F /* ViewController.swift in Sources */,
				9C58DC372200A8300027032F /* AppDelegate.swift in Sources */,
				9C58DC492200A8B30027032F /* CollectionViewCell.swift in Sources */,
				9CA3800F220CC090007F9703 /* EventEditorDelegate.swift in Sources */,
			);
			runOnlyForDeploymentPostprocessing = 0;
		};
/* End PBXSourcesBuildPhase section */

/* Begin PBXVariantGroup section */
		9C58DC3A2200A8300027032F /* Main.storyboard */ = {
			isa = PBXVariantGroup;
			children = (
				9C58DC3B2200A8300027032F /* Base */,
			);
			name = Main.storyboard;
			sourceTree = "<group>";
		};
		9C58DC3F2200A8320027032F /* LaunchScreen.storyboard */ = {
			isa = PBXVariantGroup;
			children = (
				9C58DC402200A8320027032F /* Base */,
			);
			name = LaunchScreen.storyboard;
			sourceTree = "<group>";
		};
/* End PBXVariantGroup section */

/* Begin XCBuildConfiguration section */
		9C58DC432200A8320027032F /* Debug */ = {
			isa = XCBuildConfiguration;
			buildSettings = {
				ALWAYS_SEARCH_USER_PATHS = NO;
				CLANG_ANALYZER_NONNULL = YES;
				CLANG_ANALYZER_NUMBER_OBJECT_CONVERSION = YES_AGGRESSIVE;
				CLANG_CXX_LANGUAGE_STANDARD = "gnu++14";
				CLANG_CXX_LIBRARY = "libc++";
				CLANG_ENABLE_MODULES = YES;
				CLANG_ENABLE_OBJC_ARC = YES;
				CLANG_ENABLE_OBJC_WEAK = YES;
				CLANG_WARN_BLOCK_CAPTURE_AUTORELEASING = YES;
				CLANG_WARN_BOOL_CONVERSION = YES;
				CLANG_WARN_COMMA = YES;
				CLANG_WARN_CONSTANT_CONVERSION = YES;
				CLANG_WARN_DEPRECATED_OBJC_IMPLEMENTATIONS = YES;
				CLANG_WARN_DIRECT_OBJC_ISA_USAGE = YES_ERROR;
				CLANG_WARN_DOCUMENTATION_COMMENTS = YES;
				CLANG_WARN_EMPTY_BODY = YES;
				CLANG_WARN_ENUM_CONVERSION = YES;
				CLANG_WARN_INFINITE_RECURSION = YES;
				CLANG_WARN_INT_CONVERSION = YES;
				CLANG_WARN_NON_LITERAL_NULL_CONVERSION = YES;
				CLANG_WARN_OBJC_IMPLICIT_RETAIN_SELF = YES;
				CLANG_WARN_OBJC_LITERAL_CONVERSION = YES;
				CLANG_WARN_OBJC_ROOT_CLASS = YES_ERROR;
				CLANG_WARN_RANGE_LOOP_ANALYSIS = YES;
				CLANG_WARN_STRICT_PROTOTYPES = YES;
				CLANG_WARN_SUSPICIOUS_MOVE = YES;
				CLANG_WARN_UNGUARDED_AVAILABILITY = YES_AGGRESSIVE;
				CLANG_WARN_UNREACHABLE_CODE = YES;
				CLANG_WARN__DUPLICATE_METHOD_MATCH = YES;
				CODE_SIGN_IDENTITY = "iPhone Developer";
				COPY_PHASE_STRIP = NO;
				DEBUG_INFORMATION_FORMAT = dwarf;
				ENABLE_STRICT_OBJC_MSGSEND = YES;
				ENABLE_TESTABILITY = YES;
				GCC_C_LANGUAGE_STANDARD = gnu11;
				GCC_DYNAMIC_NO_PIC = NO;
				GCC_NO_COMMON_BLOCKS = YES;
				GCC_OPTIMIZATION_LEVEL = 0;
				GCC_PREPROCESSOR_DEFINITIONS = (
					"DEBUG=1",
					"$(inherited)",
				);
				GCC_WARN_64_TO_32_BIT_CONVERSION = YES;
				GCC_WARN_ABOUT_RETURN_TYPE = YES_ERROR;
				GCC_WARN_UNDECLARED_SELECTOR = YES;
				GCC_WARN_UNINITIALIZED_AUTOS = YES_AGGRESSIVE;
				GCC_WARN_UNUSED_FUNCTION = YES;
				GCC_WARN_UNUSED_VARIABLE = YES;
				IPHONEOS_DEPLOYMENT_TARGET = 12.1;
				MTL_ENABLE_DEBUG_INFO = INCLUDE_SOURCE;
				MTL_FAST_MATH = YES;
				ONLY_ACTIVE_ARCH = YES;
				SDKROOT = iphoneos;
				SWIFT_ACTIVE_COMPILATION_CONDITIONS = DEBUG;
				SWIFT_OPTIMIZATION_LEVEL = "-Onone";
			};
			name = Debug;
		};
		9C58DC442200A8320027032F /* Release */ = {
			isa = XCBuildConfiguration;
			buildSettings = {
				ALWAYS_SEARCH_USER_PATHS = NO;
				CLANG_ANALYZER_NONNULL = YES;
				CLANG_ANALYZER_NUMBER_OBJECT_CONVERSION = YES_AGGRESSIVE;
				CLANG_CXX_LANGUAGE_STANDARD = "gnu++14";
				CLANG_CXX_LIBRARY = "libc++";
				CLANG_ENABLE_MODULES = YES;
				CLANG_ENABLE_OBJC_ARC = YES;
				CLANG_ENABLE_OBJC_WEAK = YES;
				CLANG_WARN_BLOCK_CAPTURE_AUTORELEASING = YES;
				CLANG_WARN_BOOL_CONVERSION = YES;
				CLANG_WARN_COMMA = YES;
				CLANG_WARN_CONSTANT_CONVERSION = YES;
				CLANG_WARN_DEPRECATED_OBJC_IMPLEMENTATIONS = YES;
				CLANG_WARN_DIRECT_OBJC_ISA_USAGE = YES_ERROR;
				CLANG_WARN_DOCUMENTATION_COMMENTS = YES;
				CLANG_WARN_EMPTY_BODY = YES;
				CLANG_WARN_ENUM_CONVERSION = YES;
				CLANG_WARN_INFINITE_RECURSION = YES;
				CLANG_WARN_INT_CONVERSION = YES;
				CLANG_WARN_NON_LITERAL_NULL_CONVERSION = YES;
				CLANG_WARN_OBJC_IMPLICIT_RETAIN_SELF = YES;
				CLANG_WARN_OBJC_LITERAL_CONVERSION = YES;
				CLANG_WARN_OBJC_ROOT_CLASS = YES_ERROR;
				CLANG_WARN_RANGE_LOOP_ANALYSIS = YES;
				CLANG_WARN_STRICT_PROTOTYPES = YES;
				CLANG_WARN_SUSPICIOUS_MOVE = YES;
				CLANG_WARN_UNGUARDED_AVAILABILITY = YES_AGGRESSIVE;
				CLANG_WARN_UNREACHABLE_CODE = YES;
				CLANG_WARN__DUPLICATE_METHOD_MATCH = YES;
				CODE_SIGN_IDENTITY = "iPhone Developer";
				COPY_PHASE_STRIP = NO;
				DEBUG_INFORMATION_FORMAT = "dwarf-with-dsym";
				ENABLE_NS_ASSERTIONS = NO;
				ENABLE_STRICT_OBJC_MSGSEND = YES;
				GCC_C_LANGUAGE_STANDARD = gnu11;
				GCC_NO_COMMON_BLOCKS = YES;
				GCC_WARN_64_TO_32_BIT_CONVERSION = YES;
				GCC_WARN_ABOUT_RETURN_TYPE = YES_ERROR;
				GCC_WARN_UNDECLARED_SELECTOR = YES;
				GCC_WARN_UNINITIALIZED_AUTOS = YES_AGGRESSIVE;
				GCC_WARN_UNUSED_FUNCTION = YES;
				GCC_WARN_UNUSED_VARIABLE = YES;
				IPHONEOS_DEPLOYMENT_TARGET = 12.1;
				MTL_ENABLE_DEBUG_INFO = NO;
				MTL_FAST_MATH = YES;
				SDKROOT = iphoneos;
				SWIFT_COMPILATION_MODE = wholemodule;
				SWIFT_OPTIMIZATION_LEVEL = "-O";
				VALIDATE_PRODUCT = YES;
			};
			name = Release;
		};
		9C58DC462200A8320027032F /* Debug */ = {
			isa = XCBuildConfiguration;
			buildSettings = {
				ASSETCATALOG_COMPILER_APPICON_NAME = AppIcon;
				CODE_SIGN_STYLE = Automatic;
				DEVELOPMENT_TEAM = MBB7THA55R;
				INFOPLIST_FILE = SimpleCollectionView/Info.plist;
				LD_RUNPATH_SEARCH_PATHS = (
					"$(inherited)",
					"@executable_path/Frameworks",
				);
				PRODUCT_BUNDLE_IDENTIFIER = edu.temple.tuj52136.SimpleCollectionView;
				PRODUCT_NAME = "$(TARGET_NAME)";
				SWIFT_VERSION = 4.2;
				TARGETED_DEVICE_FAMILY = "1,2";
			};
			name = Debug;
		};
		9C58DC472200A8320027032F /* Release */ = {
			isa = XCBuildConfiguration;
			buildSettings = {
				ASSETCATALOG_COMPILER_APPICON_NAME = AppIcon;
				CODE_SIGN_STYLE = Automatic;
				DEVELOPMENT_TEAM = MBB7THA55R;
				INFOPLIST_FILE = SimpleCollectionView/Info.plist;
				LD_RUNPATH_SEARCH_PATHS = (
					"$(inherited)",
					"@executable_path/Frameworks",
				);
				PRODUCT_BUNDLE_IDENTIFIER = edu.temple.tuj52136.SimpleCollectionView;
				PRODUCT_NAME = "$(TARGET_NAME)";
				SWIFT_VERSION = 4.2;
				TARGETED_DEVICE_FAMILY = "1,2";
			};
			name = Release;
		};
/* End XCBuildConfiguration section */

/* Begin XCConfigurationList section */
		9C58DC2E2200A8300027032F /* Build configuration list for PBXProject "SimpleCollectionView" */ = {
			isa = XCConfigurationList;
			buildConfigurations = (
				9C58DC432200A8320027032F /* Debug */,
				9C58DC442200A8320027032F /* Release */,
			);
			defaultConfigurationIsVisible = 0;
			defaultConfigurationName = Release;
		};
		9C58DC452200A8320027032F /* Build configuration list for PBXNativeTarget "SimpleCollectionView" */ = {
			isa = XCConfigurationList;
			buildConfigurations = (
				9C58DC462200A8320027032F /* Debug */,
				9C58DC472200A8320027032F /* Release */,
			);
			defaultConfigurationIsVisible = 0;
			defaultConfigurationName = Release;
		};
/* End XCConfigurationList section */
	};
	rootObject = 9C58DC2B2200A8300027032F /* Project object */;
}
